Microsoft Visual Studio Solution File, Format Version 12.00
# Visual Studio Version 17
VisualStudioVersion = 17.5.2.0
MinimumVisualStudioVersion = 10.0.40219.1
Project("{FAE04EC0-301F-11D3-BF4B-00C04F79EFBC}") = "ClimbUpAPI", "ClimbUpAPI.csproj", "{1F691662-08F2-97D0-42E2-4508A8B7548B}"
EndProject
Global
	GlobalSection(SolutionConfigurationPlatforms) = preSolution
		Debug|Any CPU = Debug|Any CPU
		Release|Any CPU = Release|Any CPU
	EndGlobalSection
	GlobalSection(ProjectConfigurationPlatforms) = postSolution
		{1F691662-08F2-97D0-42E2-4508A8B7548B}.Debug|Any CPU.ActiveCfg = Debug|Any CPU
		{1F691662-08F2-97D0-42E2-4508A8B7548B}.Debug|Any CPU.Build.0 = Debug|Any CPU
		{1F691662-08F2-97D0-42E2-4508A8B7548B}.Release|Any CPU.ActiveCfg = Release|Any CPU
		{1F691662-08F2-97D0-42E2-4508A8B7548B}.Release|Any CPU.Build.0 = Release|Any CPU
	EndGlobalSection
	GlobalSection(SolutionProperties) = preSolution
		HideSolutionNode = FALSE
	EndGlobalSection
	GlobalSection(ExtensibilityGlobals) = postSolution
		SolutionGuid = {12E4B027-F012-4752-A105-DC4FE28AE50D}
	EndGlobalSection
EndGlobal
